
Microsoft Visual Studio Solution File, Format Version 12.00
# Visual Studio 2013
VisualStudioVersion = 12.0.21005.1
MinimumVisualStudioVersion = 10.0.40219.1
Project("{FAE04EC0-301F-11D3-BF4B-00C04F79EFBC}") = "Murphy.Business", "Murphy.Business\Murphy.Business.csproj", "{1903E1B5-290A-4E45-A8FA-6A4AE6168374}"
EndProject
Project("{FAE04EC0-301F-11D3-BF4B-00C04F79EFBC}") = "Murphy.Data.SQLServer", "Murphy.Data.SQLServer\Murphy.Data.SQLServer.csproj", "{65F8D0BB-1D10-47BF-80F8-EE9E812FA686}"
EndProject
Project("{FAE04EC0-301F-11D3-BF4B-00C04F79EFBC}") = "Murphy.Entity", "Murphy.Entity\Murphy.Entity.csproj", "{E318FEBF-3A4C-4EE4-85F5-A264381263C2}"
EndProject
Project("{FAE04EC0-301F-11D3-BF4B-00C04F79EFBC}") = "Murphy.IData", "Murphy.IData\Murphy.IData.csproj", "{9B37A24F-5F67-4D8F-ABDA-F36A517FDFC3}"
EndProject
Project("{FAE04EC0-301F-11D3-BF4B-00C04F79EFBC}") = "Murphy.Utils", "Murphy.Utils\Murphy.Utils.csproj", "{6A73E718-9101-439B-BDCF-B637EBDB1895}"
EndProject
Project("{FAE04EC0-301F-11D3-BF4B-00C04F79EFBC}") = "Murphy.Web", "Murphy.Web\Murphy.Web.csproj", "{1C3DA102-5630-49E0-9B3B-9D7F760CB847}"
EndProject
Project("{2150E333-8FDC-42A3-9474-1A3956D46DE8}") = "Client", "Client", "{FA01BCEF-4AD0-4945-8781-A59636372C8E}"
EndProject
Project("{2150E333-8FDC-42A3-9474-1A3956D46DE8}") = "Service", "Service", "{3E0696BD-FFA3-4E87-B604-616DD5763EDB}"
EndProject
Project("{FAE04EC0-301F-11D3-BF4B-00C04F79EFBC}") = "Murphy.DbUtility", "Murphy.DbUtility\Murphy.DbUtility.csproj", "{46F3AB86-E1DB-4D1D-8D8F-811A79290283}"
EndProject
Project("{FAE04EC0-301F-11D3-BF4B-00C04F79EFBC}") = "Murphy.Core", "Murphy.Core\Murphy.Core.csproj", "{D53FA764-B93D-4F52-80ED-34063B0E4204}"
EndProject
Global
	GlobalSection(SolutionConfigurationPlatforms) = preSolution
		Debug|Any CPU = Debug|Any CPU
		Release|Any CPU = Release|Any CPU
	EndGlobalSection
	GlobalSection(ProjectConfigurationPlatforms) = postSolution
		{1903E1B5-290A-4E45-A8FA-6A4AE6168374}.Debug|Any CPU.ActiveCfg = Debug|Any CPU
		{1903E1B5-290A-4E45-A8FA-6A4AE6168374}.Debug|Any CPU.Build.0 = Debug|Any CPU
		{1903E1B5-290A-4E45-A8FA-6A4AE6168374}.Release|Any CPU.ActiveCfg = Release|Any CPU
		{1903E1B5-290A-4E45-A8FA-6A4AE6168374}.Release|Any CPU.Build.0 = Release|Any CPU
		{65F8D0BB-1D10-47BF-80F8-EE9E812FA686}.Debug|Any CPU.ActiveCfg = Debug|Any CPU
		{65F8D0BB-1D10-47BF-80F8-EE9E812FA686}.Debug|Any CPU.Build.0 = Debug|Any CPU
		{65F8D0BB-1D10-47BF-80F8-EE9E812FA686}.Release|Any CPU.ActiveCfg = Release|Any CPU
		{65F8D0BB-1D10-47BF-80F8-EE9E812FA686}.Release|Any CPU.Build.0 = Release|Any CPU
		{E318FEBF-3A4C-4EE4-85F5-A264381263C2}.Debug|Any CPU.ActiveCfg = Debug|Any CPU
		{E318FEBF-3A4C-4EE4-85F5-A264381263C2}.Debug|Any CPU.Build.0 = Debug|Any CPU
		{E318FEBF-3A4C-4EE4-85F5-A264381263C2}.Release|Any CPU.ActiveCfg = Release|Any CPU
		{E318FEBF-3A4C-4EE4-85F5-A264381263C2}.Release|Any CPU.Build.0 = Release|Any CPU
		{9B37A24F-5F67-4D8F-ABDA-F36A517FDFC3}.Debug|Any CPU.ActiveCfg = Debug|Any CPU
		{9B37A24F-5F67-4D8F-ABDA-F36A517FDFC3}.Debug|Any CPU.Build.0 = Debug|Any CPU
		{9B37A24F-5F67-4D8F-ABDA-F36A517FDFC3}.Release|Any CPU.ActiveCfg = Release|Any CPU
		{9B37A24F-5F67-4D8F-ABDA-F36A517FDFC3}.Release|Any CPU.Build.0 = Release|Any CPU
		{6A73E718-9101-439B-BDCF-B637EBDB1895}.Debug|Any CPU.ActiveCfg = Debug|Any CPU
		{6A73E718-9101-439B-BDCF-B637EBDB1895}.Debug|Any CPU.Build.0 = Debug|Any CPU
		{6A73E718-9101-439B-BDCF-B637EBDB1895}.Release|Any CPU.ActiveCfg = Release|Any CPU
		{6A73E718-9101-439B-BDCF-B637EBDB1895}.Release|Any CPU.Build.0 = Release|Any CPU
		{1C3DA102-5630-49E0-9B3B-9D7F760CB847}.Debug|Any CPU.ActiveCfg = Debug|Any CPU
		{1C3DA102-5630-49E0-9B3B-9D7F760CB847}.Debug|Any CPU.Build.0 = Debug|Any CPU
		{1C3DA102-5630-49E0-9B3B-9D7F760CB847}.Release|Any CPU.ActiveCfg = Release|Any CPU
		{1C3DA102-5630-49E0-9B3B-9D7F760CB847}.Release|Any CPU.Build.0 = Release|Any CPU
		{46F3AB86-E1DB-4D1D-8D8F-811A79290283}.Debug|Any CPU.ActiveCfg = Debug|Any CPU
		{46F3AB86-E1DB-4D1D-8D8F-811A79290283}.Debug|Any CPU.Build.0 = Debug|Any CPU
		{46F3AB86-E1DB-4D1D-8D8F-811A79290283}.Release|Any CPU.ActiveCfg = Release|Any CPU
		{46F3AB86-E1DB-4D1D-8D8F-811A79290283}.Release|Any CPU.Build.0 = Release|Any CPU
		{D53FA764-B93D-4F52-80ED-34063B0E4204}.Debug|Any CPU.ActiveCfg = Debug|Any CPU
		{D53FA764-B93D-4F52-80ED-34063B0E4204}.Debug|Any CPU.Build.0 = Debug|Any CPU
		{D53FA764-B93D-4F52-80ED-34063B0E4204}.Release|Any CPU.ActiveCfg = Release|Any CPU
		{D53FA764-B93D-4F52-80ED-34063B0E4204}.Release|Any CPU.Build.0 = Release|Any CPU
	EndGlobalSection
	GlobalSection(SolutionProperties) = preSolution
		HideSolutionNode = FALSE
	EndGlobalSection
	GlobalSection(NestedProjects) = preSolution
		{65F8D0BB-1D10-47BF-80F8-EE9E812FA686} = {3E0696BD-FFA3-4E87-B604-616DD5763EDB}
		{E318FEBF-3A4C-4EE4-85F5-A264381263C2} = {3E0696BD-FFA3-4E87-B604-616DD5763EDB}
		{9B37A24F-5F67-4D8F-ABDA-F36A517FDFC3} = {3E0696BD-FFA3-4E87-B604-616DD5763EDB}
		{6A73E718-9101-439B-BDCF-B637EBDB1895} = {3E0696BD-FFA3-4E87-B604-616DD5763EDB}
		{1903E1B5-290A-4E45-A8FA-6A4AE6168374} = {3E0696BD-FFA3-4E87-B604-616DD5763EDB}
		{46F3AB86-E1DB-4D1D-8D8F-811A79290283} = {3E0696BD-FFA3-4E87-B604-616DD5763EDB}
		{D53FA764-B93D-4F52-80ED-34063B0E4204} = {3E0696BD-FFA3-4E87-B604-616DD5763EDB}
		{1C3DA102-5630-49E0-9B3B-9D7F760CB847} = {FA01BCEF-4AD0-4945-8781-A59636372C8E}
	EndGlobalSection
EndGlobal
